
Microsoft Visual Studio Solution File, Format Version 12.00
# Visual Studio Version 17
VisualStudioVersion = 17.4.33122.133
MinimumVisualStudioVersion = 10.0.40219.1
Project("{FAE04EC0-301F-11D3-BF4B-00C04F79EFBC}") = "Metotlar_odev_4", "Metotlar_odev_4\Metotlar_odev_4.csproj", "{EDE1D885-8258-4986-8BDD-15B95C8BC8F6}"
EndProject
Global
	GlobalSection(SolutionConfigurationPlatforms) = preSolution
		Debug|Any CPU = Debug|Any CPU
		Release|Any CPU = Release|Any CPU
	EndGlobalSection
	GlobalSection(ProjectConfigurationPlatforms) = postSolution
		{EDE1D885-8258-4986-8BDD-15B95C8BC8F6}.Debug|Any CPU.ActiveCfg = Debug|Any CPU
		{EDE1D885-8258-4986-8BDD-15B95C8BC8F6}.Debug|Any CPU.Build.0 = Debug|Any CPU
		{EDE1D885-8258-4986-8BDD-15B95C8BC8F6}.Release|Any CPU.ActiveCfg = Release|Any CPU
		{EDE1D885-8258-4986-8BDD-15B95C8BC8F6}.Release|Any CPU.Build.0 = Release|Any CPU
	EndGlobalSection
	GlobalSection(SolutionProperties) = preSolution
		HideSolutionNode = FALSE
	EndGlobalSection
	GlobalSection(ExtensibilityGlobals) = postSolution
		SolutionGuid = {61B7C4BC-B307-414D-BC9D-E6EBF6DC9F25}
	EndGlobalSection
EndGlobal
