
Microsoft Visual Studio Solution File, Format Version 12.00
# Visual Studio Version 17
VisualStudioVersion = 17.4.33122.133
MinimumVisualStudioVersion = 10.0.40219.1
Project("{FAE04EC0-301F-11D3-BF4B-00C04F79EFBC}") = "Bilgi_Yarismasi", "Bilgi_Yarismasi\Bilgi_Yarismasi.csproj", "{2482DB38-1FA4-4711-9C4B-52D3D518B775}"
EndProject
Global
	GlobalSection(SolutionConfigurationPlatforms) = preSolution
		Debug|Any CPU = Debug|Any CPU
		Release|Any CPU = Release|Any CPU
	EndGlobalSection
	GlobalSection(ProjectConfigurationPlatforms) = postSolution
		{2482DB38-1FA4-4711-9C4B-52D3D518B775}.Debug|Any CPU.ActiveCfg = Debug|Any CPU
		{2482DB38-1FA4-4711-9C4B-52D3D518B775}.Debug|Any CPU.Build.0 = Debug|Any CPU
		{2482DB38-1FA4-4711-9C4B-52D3D518B775}.Release|Any CPU.ActiveCfg = Release|Any CPU
		{2482DB38-1FA4-4711-9C4B-52D3D518B775}.Release|Any CPU.Build.0 = Release|Any CPU
	EndGlobalSection
	GlobalSection(SolutionProperties) = preSolution
		HideSolutionNode = FALSE
	EndGlobalSection
	GlobalSection(ExtensibilityGlobals) = postSolution
		SolutionGuid = {4DFD8173-3898-48F8-BF81-C8BBED4FD953}
	EndGlobalSection
EndGlobal
